// !$*UTF8*$!
{
	archiveVersion = 1;
	classes = {
	};
	objectVersion = 50;
	objects = {

/* Begin PBXBuildFile section */
		6A492DA8255CA030008797BA /* CardModel.swift in Sources */ = {isa = PBXBuildFile; fileRef = 6A492DA7255CA030008797BA /* CardModel.swift */; };
		6A492DAA255CA1D2008797BA /* Card.swift in Sources */ = {isa = PBXBuildFile; fileRef = 6A492DA9255CA1D2008797BA /* Card.swift */; };
		6A4A0579256849D100E45B53 /* dingcorrect.wav in Resources */ = {isa = PBXBuildFile; fileRef = 6A4A0575256849D100E45B53 /* dingcorrect.wav */; };
		6A4A057A256849D100E45B53 /* dingwrong.wav in Resources */ = {isa = PBXBuildFile; fileRef = 6A4A0576256849D100E45B53 /* dingwrong.wav */; };
		6A4A057B256849D100E45B53 /* cardflip.wav in Resources */ = {isa = PBXBuildFile; fileRef = 6A4A0577256849D100E45B53 /* cardflip.wav */; };
		6A4A057C256849D100E45B53 /* shuffle.wav in Resources */ = {isa = PBXBuildFile; fileRef = 6A4A0578256849D100E45B53 /* shuffle.wav */; };
		6A4A057E25684C4F00E45B53 /* SoundManager.swift in Sources */ = {isa = PBXBuildFile; fileRef = 6A4A057D25684C4F00E45B53 /* SoundManager.swift */; };
		6A80A5E6255EE0C800853795 /* CardCollectionViewCell.swift in Sources */ = {isa = PBXBuildFile; fileRef = 6A80A5E5255EE0C800853795 /* CardCollectionViewCell.swift */; };
		6AC87DDB255C7849002AE701 /* AppDelegate.swift in Sources */ = {isa = PBXBuildFile; fileRef = 6AC87DDA255C7849002AE701 /* AppDelegate.swift */; };
		6AC87DDD255C7849002AE701 /* SceneDelegate.swift in Sources */ = {isa = PBXBuildFile; fileRef = 6AC87DDC255C7849002AE701 /* SceneDelegate.swift */; };
		6AC87DDF255C7849002AE701 /* ViewController.swift in Sources */ = {isa = PBXBuildFile; fileRef = 6AC87DDE255C7849002AE701 /* ViewController.swift */; };
		6AC87DE2255C7849002AE701 /* Main.storyboard in Resources */ = {isa = PBXBuildFile; fileRef = 6AC87DE0255C7849002AE701 /* Main.storyboard */; };
		6AC87DE4255C784C002AE701 /* Assets.xcassets in Resources */ = {isa = PBXBuildFile; fileRef = 6AC87DE3255C784C002AE701 /* Assets.xcassets */; };
		6AC87DE7255C784C002AE701 /* LaunchScreen.storyboard in Resources */ = {isa = PBXBuildFile; fileRef = 6AC87DE5255C784C002AE701 /* LaunchScreen.storyboard */; };
/* End PBXBuildFile section */

/* Begin PBXFileReference section */
		6A492DA7255CA030008797BA /* CardModel.swift */ = {isa = PBXFileReference; lastKnownFileType = sourcecode.swift; path = CardModel.swift; sourceTree = "<group>"; };
		6A492DA9255CA1D2008797BA /* Card.swift */ = {isa = PBXFileReference; lastKnownFileType = sourcecode.swift; path = Card.swift; sourceTree = "<group>"; };
		6A4A0575256849D100E45B53 /* dingcorrect.wav */ = {isa = PBXFileReference; lastKnownFileType = audio.wav; path = dingcorrect.wav; sourceTree = "<group>"; };
		6A4A0576256849D100E45B53 /* dingwrong.wav */ = {isa = PBXFileReference; lastKnownFileType = audio.wav; path = dingwrong.wav; sourceTree = "<group>"; };
		6A4A0577256849D100E45B53 /* cardflip.wav */ = {isa = PBXFileReference; lastKnownFileType = audio.wav; path = cardflip.wav; sourceTree = "<group>"; };
		6A4A0578256849D100E45B53 /* shuffle.wav */ = {isa = PBXFileReference; lastKnownFileType = audio.wav; path = shuffle.wav; sourceTree = "<group>"; };
		6A4A057D25684C4F00E45B53 /* SoundManager.swift */ = {isa = PBXFileReference; lastKnownFileType = sourcecode.swift; path = SoundManager.swift; sourceTree = "<group>"; };
		6A80A5E5255EE0C800853795 /* CardCollectionViewCell.swift */ = {isa = PBXFileReference; lastKnownFileType = sourcecode.swift; path = CardCollectionViewCell.swift; sourceTree = "<group>"; };
		6AC87DD7255C7849002AE701 /* MTK - MATCHING - 3.app */ = {isa = PBXFileReference; explicitFileType = wrapper.application; includeInIndex = 0; path = "MTK - MATCHING - 3.app"; sourceTree = BUILT_PRODUCTS_DIR; };
		6AC87DDA255C7849002AE701 /* AppDelegate.swift */ = {isa = PBXFileReference; lastKnownFileType = sourcecode.swift; path = AppDelegate.swift; sourceTree = "<group>"; };
		6AC87DDC255C7849002AE701 /* SceneDelegate.swift */ = {isa = PBXFileReference; lastKnownFileType = sourcecode.swift; path = SceneDelegate.swift; sourceTree = "<group>"; };
		6AC87DDE255C7849002AE701 /* ViewController.swift */ = {isa = PBXFileReference; lastKnownFileType = sourcecode.swift; path = ViewController.swift; sourceTree = "<group>"; };
		6AC87DE1255C7849002AE701 /* Base */ = {isa = PBXFileReference; lastKnownFileType = file.storyboard; name = Base; path = Base.lproj/Main.storyboard; sourceTree = "<group>"; };
		6AC87DE3255C784C002AE701 /* Assets.xcassets */ = {isa = PBXFileReference; lastKnownFileType = folder.assetcatalog; path = Assets.xcassets; sourceTree = "<group>"; };
		6AC87DE6255C784C002AE701 /* Base */ = {isa = PBXFileReference; lastKnownFileType = file.storyboard; name = Base; path = Base.lproj/LaunchScreen.storyboard; sourceTree = "<group>"; };
		6AC87DE8255C784C002AE701 /* Info.plist */ = {isa = PBXFileReference; lastKnownFileType = text.plist.xml; path = Info.plist; sourceTree = "<group>"; };
/* End PBXFileReference section */

/* Begin PBXFrameworksBuildPhase section */
		6AC87DD4255C7849002AE701 /* Frameworks */ = {
			isa = PBXFrameworksBuildPhase;
			buildActionMask = 2147483647;
			files = (
			);
			runOnlyForDeploymentPostprocessing = 0;
		};
/* End PBXFrameworksBuildPhase section */

/* Begin PBXGroup section */
		6A4A0572256848D200E45B53 /* Sounds */ = {
			isa = PBXGroup;
			children = (
				6A4A0577256849D100E45B53 /* cardflip.wav */,
				6A4A0575256849D100E45B53 /* dingcorrect.wav */,
				6A4A0576256849D100E45B53 /* dingwrong.wav */,
				6A4A0578256849D100E45B53 /* shuffle.wav */,
			);
			path = Sounds;
			sourceTree = "<group>";
		};
		6AC87DCE255C7849002AE701 = {
			isa = PBXGroup;
			children = (
				6A4A0572256848D200E45B53 /* Sounds */,
				6AC87DD9255C7849002AE701 /* MTK - MATCHING - 3 */,
				6AC87DD8255C7849002AE701 /* Products */,
			);
			sourceTree = "<group>";
		};
		6AC87DD8255C7849002AE701 /* Products */ = {
			isa = PBXGroup;
			children = (
				6AC87DD7255C7849002AE701 /* MTK - MATCHING - 3.app */,
			);
			name = Products;
			sourceTree = "<group>";
		};
		6AC87DD9255C7849002AE701 /* MTK - MATCHING - 3 */ = {
			isa = PBXGroup;
			children = (
				6AC87DDA255C7849002AE701 /* AppDelegate.swift */,
				6AC87DDC255C7849002AE701 /* SceneDelegate.swift */,
				6AC87DDE255C7849002AE701 /* ViewController.swift */,
				6A492DA9255CA1D2008797BA /* Card.swift */,
				6A492DA7255CA030008797BA /* CardModel.swift */,
				6A80A5E5255EE0C800853795 /* CardCollectionViewCell.swift */,
				6A4A057D25684C4F00E45B53 /* SoundManager.swift */,
				6AC87DE0255C7849002AE701 /* Main.storyboard */,
				6AC87DE3255C784C002AE701 /* Assets.xcassets */,
				6AC87DE5255C784C002AE701 /* LaunchScreen.storyboard */,
				6AC87DE8255C784C002AE701 /* Info.plist */,
			);
			path = "MTK - MATCHING - 3";
			sourceTree = "<group>";
		};
/* End PBXGroup section */

/* Begin PBXNativeTarget section */
		6AC87DD6255C7849002AE701 /* MTK - MATCHING - 3 */ = {
			isa = PBXNativeTarget;
			buildConfigurationList = 6AC87DEB255C784C002AE701 /* Build configuration list for PBXNativeTarget "MTK - MATCHING - 3" */;
			buildPhases = (
				6AC87DD3255C7849002AE701 /* Sources */,
				6AC87DD4255C7849002AE701 /* Frameworks */,
				6AC87DD5255C7849002AE701 /* Resources */,
			);
			buildRules = (
			);
			dependencies = (
			);
			name = "MTK - MATCHING - 3";
			productName = "MTK - MATCHING - 3";
			productReference = 6AC87DD7255C7849002AE701 /* MTK - MATCHING - 3.app */;
			productType = "com.apple.product-type.application";
		};
/* End PBXNativeTarget section */

/* Begin PBXProject section */
		6AC87DCF255C7849002AE701 /* Project object */ = {
			isa = PBXProject;
			attributes = {
				LastSwiftUpdateCheck = 1170;
				LastUpgradeCheck = 1170;
				ORGANIZATIONNAME = Kalmbach;
				TargetAttributes = {
					6AC87DD6255C7849002AE701 = {
						CreatedOnToolsVersion = 11.7;
					};
				};
			};
			buildConfigurationList = 6AC87DD2255C7849002AE701 /* Build configuration list for PBXProject "MTK - MATCHING - 3" */;
			compatibilityVersion = "Xcode 9.3";
			developmentRegion = en;
			hasScannedForEncodings = 0;
			knownRegions = (
				en,
				Base,
			);
			mainGroup = 6AC87DCE255C7849002AE701;
			productRefGroup = 6AC87DD8255C7849002AE701 /* Products */;
			projectDirPath = "";
			projectRoot = "";
			targets = (
				6AC87DD6255C7849002AE701 /* MTK - MATCHING - 3 */,
			);
		};
/* End PBXProject section */

/* Begin PBXResourcesBuildPhase section */
		6AC87DD5255C7849002AE701 /* Resources */ = {
			isa = PBXResourcesBuildPhase;
			buildActionMask = 2147483647;
			files = (
				6AC87DE7255C784C002AE701 /* LaunchScreen.storyboard in Resources */,
				6A4A057A256849D100E45B53 /* dingwrong.wav in Resources */,
				6AC87DE4255C784C002AE701 /* Assets.xcassets in Resources */,
				6A4A057C256849D100E45B53 /* shuffle.wav in Resources */,
				6AC87DE2255C7849002AE701 /* Main.storyboard in Resources */,
				6A4A0579256849D100E45B53 /* dingcorrect.wav in Resources */,
				6A4A057B256849D100E45B53 /* cardflip.wav in Resources */,
			);
			runOnlyForDeploymentPostprocessing = 0;
		};
/* End PBXResourcesBuildPhase section */

/* Begin PBXSourcesBuildPhase section */
		6AC87DD3255C7849002AE701 /* Sources */ = {
			isa = PBXSourcesBuildPhase;
			buildActionMask = 2147483647;
			files = (
				6AC87DDF255C7849002AE701 /* ViewController.swift in Sources */,
				6A492DA8255CA030008797BA /* CardModel.swift in Sources */,
				6A492DAA255CA1D2008797BA /* Card.swift in Sources */,
				6AC87DDB255C7849002AE701 /* AppDelegate.swift in Sources */,
				6A80A5E6255EE0C800853795 /* CardCollectionViewCell.swift in Sources */,
				6A4A057E25684C4F00E45B53 /* SoundManager.swift in Sources */,
				6AC87DDD255C7849002AE701 /* SceneDelegate.swift in Sources */,
			);
			runOnlyForDeploymentPostprocessing = 0;
		};
/* End PBXSourcesBuildPhase section */

/* Begin PBXVariantGroup section */
		6AC87DE0255C7849002AE701 /* Main.storyboard */ = {
			isa = PBXVariantGroup;
			children = (
				6AC87DE1255C7849002AE701 /* Base */,
			);
			name = Main.storyboard;
			sourceTree = "<group>";
		};
		6AC87DE5255C784C002AE701 /* LaunchScreen.storyboard */ = {
			isa = PBXVariantGroup;
			children = (
				6AC87DE6255C784C002AE701 /* Base */,
			);
			name = LaunchScreen.storyboard;
			sourceTree = "<group>";
		};
/* End PBXVariantGroup section */

/* Begin XCBuildConfiguration section */
		6AC87DE9255C784C002AE701 /* Debug */ = {
			isa = XCBuildConfiguration;
			buildSettings = {
				ALWAYS_SEARCH_USER_PATHS = NO;
				CLANG_ANALYZER_NONNULL = YES;
				CLANG_ANALYZER_NUMBER_OBJECT_CONVERSION = YES_AGGRESSIVE;
				CLANG_CXX_LANGUAGE_STANDARD = "gnu++14";
				CLANG_CXX_LIBRARY = "libc++";
				CLANG_ENABLE_MODULES = YES;
				CLANG_ENABLE_OBJC_ARC = YES;
				CLANG_ENABLE_OBJC_WEAK = YES;
				CLANG_WARN_BLOCK_CAPTURE_AUTORELEASING = YES;
				CLANG_WARN_BOOL_CONVERSION = YES;
				CLANG_WARN_COMMA = YES;
				CLANG_WARN_CONSTANT_CONVERSION = YES;
				CLANG_WARN_DEPRECATED_OBJC_IMPLEMENTATIONS = YES;
				CLANG_WARN_DIRECT_OBJC_ISA_USAGE = YES_ERROR;
				CLANG_WARN_DOCUMENTATION_COMMENTS = YES;
				CLANG_WARN_EMPTY_BODY = YES;
				CLANG_WARN_ENUM_CONVERSION = YES;
				CLANG_WARN_INFINITE_RECURSION = YES;
				CLANG_WARN_INT_CONVERSION = YES;
				CLANG_WARN_NON_LITERAL_NULL_CONVERSION = YES;
				CLANG_WARN_OBJC_IMPLICIT_RETAIN_SELF = YES;
				CLANG_WARN_OBJC_LITERAL_CONVERSION = YES;
				CLANG_WARN_OBJC_ROOT_CLASS = YES_ERROR;
				CLANG_WARN_RANGE_LOOP_ANALYSIS = YES;
				CLANG_WARN_STRICT_PROTOTYPES = YES;
				CLANG_WARN_SUSPICIOUS_MOVE = YES;
				CLANG_WARN_UNGUARDED_AVAILABILITY = YES_AGGRESSIVE;
				CLANG_WARN_UNREACHABLE_CODE = YES;
				CLANG_WARN__DUPLICATE_METHOD_MATCH = YES;
				COPY_PHASE_STRIP = NO;
				DEBUG_INFORMATION_FORMAT = dwarf;
				ENABLE_STRICT_OBJC_MSGSEND = YES;
				ENABLE_TESTABILITY = YES;
				GCC_C_LANGUAGE_STANDARD = gnu11;
				GCC_DYNAMIC_NO_PIC = NO;
				GCC_NO_COMMON_BLOCKS = YES;
				GCC_OPTIMIZATION_LEVEL = 0;
				GCC_PREPROCESSOR_DEFINITIONS = (
					"DEBUG=1",
					"$(inherited)",
				);
				GCC_WARN_64_TO_32_BIT_CONVERSION = YES;
				GCC_WARN_ABOUT_RETURN_TYPE = YES_ERROR;
				GCC_WARN_UNDECLARED_SELECTOR = YES;
				GCC_WARN_UNINITIALIZED_AUTOS = YES_AGGRESSIVE;
				GCC_WARN_UNUSED_FUNCTION = YES;
				GCC_WARN_UNUSED_VARIABLE = YES;
				IPHONEOS_DEPLOYMENT_TARGET = 13.7;
				MTL_ENABLE_DEBUG_INFO = INCLUDE_SOURCE;
				MTL_FAST_MATH = YES;
				ONLY_ACTIVE_ARCH = YES;
				SDKROOT = iphoneos;
				SWIFT_ACTIVE_COMPILATION_CONDITIONS = DEBUG;
				SWIFT_OPTIMIZATION_LEVEL = "-Onone";
			};
			name = Debug;
		};
		6AC87DEA255C784C002AE701 /* Release */ = {
			isa = XCBuildConfiguration;
			buildSettings = {
				ALWAYS_SEARCH_USER_PATHS = NO;
				CLANG_ANALYZER_NONNULL = YES;
				CLANG_ANALYZER_NUMBER_OBJECT_CONVERSION = YES_AGGRESSIVE;
				CLANG_CXX_LANGUAGE_STANDARD = "gnu++14";
				CLANG_CXX_LIBRARY = "libc++";
				CLANG_ENABLE_MODULES = YES;
				CLANG_ENABLE_OBJC_ARC = YES;
				CLANG_ENABLE_OBJC_WEAK = YES;
				CLANG_WARN_BLOCK_CAPTURE_AUTORELEASING = YES;
				CLANG_WARN_BOOL_CONVERSION = YES;
				CLANG_WARN_COMMA = YES;
				CLANG_WARN_CONSTANT_CONVERSION = YES;
				CLANG_WARN_DEPRECATED_OBJC_IMPLEMENTATIONS = YES;
				CLANG_WARN_DIRECT_OBJC_ISA_USAGE = YES_ERROR;
				CLANG_WARN_DOCUMENTATION_COMMENTS = YES;
				CLANG_WARN_EMPTY_BODY = YES;
				CLANG_WARN_ENUM_CONVERSION = YES;
				CLANG_WARN_INFINITE_RECURSION = YES;
				CLANG_WARN_INT_CONVERSION = YES;
				CLANG_WARN_NON_LITERAL_NULL_CONVERSION = YES;
				CLANG_WARN_OBJC_IMPLICIT_RETAIN_SELF = YES;
				CLANG_WARN_OBJC_LITERAL_CONVERSION = YES;
				CLANG_WARN_OBJC_ROOT_CLASS = YES_ERROR;
				CLANG_WARN_RANGE_LOOP_ANALYSIS = YES;
				CLANG_WARN_STRICT_PROTOTYPES = YES;
				CLANG_WARN_SUSPICIOUS_MOVE = YES;
				CLANG_WARN_UNGUARDED_AVAILABILITY = YES_AGGRESSIVE;
				CLANG_WARN_UNREACHABLE_CODE = YES;
				CLANG_WARN__DUPLICATE_METHOD_MATCH = YES;
				COPY_PHASE_STRIP = NO;
				DEBUG_INFORMATION_FORMAT = "dwarf-with-dsym";
				ENABLE_NS_ASSERTIONS = NO;
				ENABLE_STRICT_OBJC_MSGSEND = YES;
				GCC_C_LANGUAGE_STANDARD = gnu11;
				GCC_NO_COMMON_BLOCKS = YES;
				GCC_WARN_64_TO_32_BIT_CONVERSION = YES;
				GCC_WARN_ABOUT_RETURN_TYPE = YES_ERROR;
				GCC_WARN_UNDECLARED_SELECTOR = YES;
				GCC_WARN_UNINITIALIZED_AUTOS = YES_AGGRESSIVE;
				GCC_WARN_UNUSED_FUNCTION = YES;
				GCC_WARN_UNUSED_VARIABLE = YES;
				IPHONEOS_DEPLOYMENT_TARGET = 13.7;
				MTL_ENABLE_DEBUG_INFO = NO;
				MTL_FAST_MATH = YES;
				SDKROOT = iphoneos;
				SWIFT_COMPILATION_MODE = wholemodule;
				SWIFT_OPTIMIZATION_LEVEL = "-O";
				VALIDATE_PRODUCT = YES;
			};
			name = Release;
		};
		6AC87DEC255C784C002AE701 /* Debug */ = {
			isa = XCBuildConfiguration;
			buildSettings = {
				ASSETCATALOG_COMPILER_APPICON_NAME = AppIcon;
				CODE_SIGN_STYLE = Automatic;
				DEVELOPMENT_TEAM = 94MS55FN8U;
				INFOPLIST_FILE = "MTK - MATCHING - 3/Info.plist";
				LD_RUNPATH_SEARCH_PATHS = (
					"$(inherited)",
					"@executable_path/Frameworks",
				);
				PRODUCT_BUNDLE_IDENTIFIER = "com.Kalmbach.MTK---MATCHING---3";
				PRODUCT_NAME = "$(TARGET_NAME)";
				SWIFT_VERSION = 5.0;
				TARGETED_DEVICE_FAMILY = "1,2";
			};
			name = Debug;
		};
		6AC87DED255C784C002AE701 /* Release */ = {
			isa = XCBuildConfiguration;
			buildSettings = {
				ASSETCATALOG_COMPILER_APPICON_NAME = AppIcon;
				CODE_SIGN_STYLE = Automatic;
				DEVELOPMENT_TEAM = 94MS55FN8U;
				INFOPLIST_FILE = "MTK - MATCHING - 3/Info.plist";
				LD_RUNPATH_SEARCH_PATHS = (
					"$(inherited)",
					"@executable_path/Frameworks",
				);
				PRODUCT_BUNDLE_IDENTIFIER = "com.Kalmbach.MTK---MATCHING---3";
				PRODUCT_NAME = "$(TARGET_NAME)";
				SWIFT_VERSION = 5.0;
				TARGETED_DEVICE_FAMILY = "1,2";
			};
			name = Release;
		};
/* End XCBuildConfiguration section */

/* Begin XCConfigurationList section */
		6AC87DD2255C7849002AE701 /* Build configuration list for PBXProject "MTK - MATCHING - 3" */ = {
			isa = XCConfigurationList;
			buildConfigurations = (
				6AC87DE9255C784C002AE701 /* Debug */,
				6AC87DEA255C784C002AE701 /* Release */,
			);
			defaultConfigurationIsVisible = 0;
			defaultConfigurationName = Release;
		};
		6AC87DEB255C784C002AE701 /* Build configuration list for PBXNativeTarget "MTK - MATCHING - 3" */ = {
			isa = XCConfigurationList;
			buildConfigurations = (
				6AC87DEC255C784C002AE701 /* Debug */,
				6AC87DED255C784C002AE701 /* Release */,
			);
			defaultConfigurationIsVisible = 0;
			defaultConfigurationName = Release;
		};
/* End XCConfigurationList section */
	};
	rootObject = 6AC87DCF255C7849002AE701 /* Project object */;
}
